// !$*UTF8*$!
{
	archiveVersion = 1;
	classes = {
	};
	objectVersion = 46;
	objects = {

/* Begin PBXBuildFile section */
		23A49DBB1EAF880F003366FB /* main.cpp in Sources */ = {isa = PBXBuildFile; fileRef = 23A49DBA1EAF880F003366FB /* main.cpp */; };
		23A49DC31EAF8940003366FB /* GLUT.framework in Frameworks */ = {isa = PBXBuildFile; fileRef = 23A49DC21EAF8940003366FB /* GLUT.framework */; };
		23A49DC81EAF89D6003366FB /* OpenGL.framework in Frameworks */ = {isa = PBXBuildFile; fileRef = 23A49DC71EAF89D6003366FB /* OpenGL.framework */; };
		23A49E201EAF8ECD003366FB /* main.cpp in Sources */ = {isa = PBXBuildFile; fileRef = 23A49DBA1EAF880F003366FB /* main.cpp */; };
		23A49E211EAF8ED9003366FB /* OpenGL.framework in Frameworks */ = {isa = PBXBuildFile; fileRef = 23A49DC71EAF89D6003366FB /* OpenGL.framework */; };
		23A49E221EAF8EE1003366FB /* GLUT.framework in Frameworks */ = {isa = PBXBuildFile; fileRef = 23A49DC21EAF8940003366FB /* GLUT.framework */; };
/* End PBXBuildFile section */

/* Begin PBXCopyFilesBuildPhase section */
		23A49DB51EAF880F003366FB /* CopyFiles */ = {
			isa = PBXCopyFilesBuildPhase;
			buildActionMask = 2147483647;
			dstPath = /usr/share/man/man1/;
			dstSubfolderSpec = 0;
			files = (
			);
			runOnlyForDeploymentPostprocessing = 1;
		};
/* End PBXCopyFilesBuildPhase section */

/* Begin PBXFileReference section */
		23A49DB71EAF880F003366FB /* SBS01 */ = {isa = PBXFileReference; explicitFileType = "compiled.mach-o.executable"; includeInIndex = 0; path = SBS01; sourceTree = BUILT_PRODUCTS_DIR; };
		23A49DBA1EAF880F003366FB /* main.cpp */ = {isa = PBXFileReference; lastKnownFileType = sourcecode.cpp.cpp; path = main.cpp; sourceTree = "<group>"; };
		23A49DC21EAF8940003366FB /* GLUT.framework */ = {isa = PBXFileReference; lastKnownFileType = wrapper.framework; name = GLUT.framework; path = System/Library/Frameworks/GLUT.framework; sourceTree = SDKROOT; };
		23A49DC71EAF89D6003366FB /* OpenGL.framework */ = {isa = PBXFileReference; lastKnownFileType = wrapper.framework; name = OpenGL.framework; path = System/Library/Frameworks/OpenGL.framework; sourceTree = SDKROOT; };
		23A49E0C1EAF8EB4003366FB /* SBS01Win.app */ = {isa = PBXFileReference; explicitFileType = wrapper.application; includeInIndex = 0; path = SBS01Win.app; sourceTree = BUILT_PRODUCTS_DIR; };
/* End PBXFileReference section */

/* Begin PBXFrameworksBuildPhase section */
		23A49DB41EAF880F003366FB /* Frameworks */ = {
			isa = PBXFrameworksBuildPhase;
			buildActionMask = 2147483647;
			files = (
				23A49DC81EAF89D6003366FB /* OpenGL.framework in Frameworks */,
				23A49DC31EAF8940003366FB /* GLUT.framework in Frameworks */,
			);
			runOnlyForDeploymentPostprocessing = 0;
		};
		23A49E091EAF8EB4003366FB /* Frameworks */ = {
			isa = PBXFrameworksBuildPhase;
			buildActionMask = 2147483647;
			files = (
				23A49E221EAF8EE1003366FB /* GLUT.framework in Frameworks */,
				23A49E211EAF8ED9003366FB /* OpenGL.framework in Frameworks */,
			);
			runOnlyForDeploymentPostprocessing = 0;
		};
/* End PBXFrameworksBuildPhase section */

/* Begin PBXGroup section */
		23A49DAE1EAF880F003366FB = {
			isa = PBXGroup;
			children = (
				23A49DB91EAF880F003366FB /* SBS01 */,
				23A49DB81EAF880F003366FB /* Products */,
				23A49DC11EAF8940003366FB /* Frameworks */,
			);
			sourceTree = "<group>";
		};
		23A49DB81EAF880F003366FB /* Products */ = {
			isa = PBXGroup;
			children = (
				23A49DB71EAF880F003366FB /* SBS01 */,
				23A49E0C1EAF8EB4003366FB /* SBS01Win.app */,
			);
			name = Products;
			sourceTree = "<group>";
		};
		23A49DB91EAF880F003366FB /* SBS01 */ = {
			isa = PBXGroup;
			children = (
				23A49DBA1EAF880F003366FB /* main.cpp */,
			);
			path = SBS01;
			sourceTree = "<group>";
		};
		23A49DC11EAF8940003366FB /* Frameworks */ = {
			isa = PBXGroup;
			children = (
				23A49DC71EAF89D6003366FB /* OpenGL.framework */,
				23A49DC21EAF8940003366FB /* GLUT.framework */,
			);
			name = Frameworks;
			sourceTree = "<group>";
		};
/* End PBXGroup section */

/* Begin PBXNativeTarget section */
		23A49DB61EAF880F003366FB /* SBS01 */ = {
			isa = PBXNativeTarget;
			buildConfigurationList = 23A49DBE1EAF880F003366FB /* Build configuration list for PBXNativeTarget "SBS01" */;
			buildPhases = (
				23A49DB31EAF880F003366FB /* Sources */,
				23A49DB41EAF880F003366FB /* Frameworks */,
				23A49DB51EAF880F003366FB /* CopyFiles */,
			);
			buildRules = (
			);
			dependencies = (
			);
			name = SBS01;
			productName = SBS01;
			productReference = 23A49DB71EAF880F003366FB /* SBS01 */;
			productType = "com.apple.product-type.tool";
		};
		23A49E0B1EAF8EB4003366FB /* SBS01Win */ = {
			isa = PBXNativeTarget;
			buildConfigurationList = 23A49E1D1EAF8EB4003366FB /* Build configuration list for PBXNativeTarget "SBS01Win" */;
			buildPhases = (
				23A49E081EAF8EB4003366FB /* Sources */,
				23A49E091EAF8EB4003366FB /* Frameworks */,
				23A49E0A1EAF8EB4003366FB /* Resources */,
			);
			buildRules = (
			);
			dependencies = (
			);
			name = SBS01Win;
			productName = SBS01Win;
			productReference = 23A49E0C1EAF8EB4003366FB /* SBS01Win.app */;
			productType = "com.apple.product-type.application";
		};
/* End PBXNativeTarget section */

/* Begin PBXProject section */
		23A49DAF1EAF880F003366FB /* Project object */ = {
			isa = PBXProject;
			attributes = {
				LastUpgradeCheck = 0830;
				ORGANIZATIONNAME = cyj;
				TargetAttributes = {
					23A49DB61EAF880F003366FB = {
						CreatedOnToolsVersion = 8.3.2;
						DevelopmentTeam = QLZX6CW3EE;
						ProvisioningStyle = Automatic;
					};
					23A49E0B1EAF8EB4003366FB = {
						CreatedOnToolsVersion = 8.3.2;
						DevelopmentTeam = QLZX6CW3EE;
						ProvisioningStyle = Automatic;
					};
				};
			};
			buildConfigurationList = 23A49DB21EAF880F003366FB /* Build configuration list for PBXProject "SBS01" */;
			compatibilityVersion = "Xcode 3.2";
			developmentRegion = English;
			hasScannedForEncodings = 0;
			knownRegions = (
				en,
				Base,
			);
			mainGroup = 23A49DAE1EAF880F003366FB;
			productRefGroup = 23A49DB81EAF880F003366FB /* Products */;
			projectDirPath = "";
			projectRoot = "";
			targets = (
				23A49DB61EAF880F003366FB /* SBS01 */,
				23A49E0B1EAF8EB4003366FB /* SBS01Win */,
			);
		};
/* End PBXProject section */

/* Begin PBXResourcesBuildPhase section */
		23A49E0A1EAF8EB4003366FB /* Resources */ = {
			isa = PBXResourcesBuildPhase;
			buildActionMask = 2147483647;
			files = (
			);
			runOnlyForDeploymentPostprocessing = 0;
		};
/* End PBXResourcesBuildPhase section */

/* Begin PBXSourcesBuildPhase section */
		23A49DB31EAF880F003366FB /* Sources */ = {
			isa = PBXSourcesBuildPhase;
			buildActionMask = 2147483647;
			files = (
				23A49DBB1EAF880F003366FB /* main.cpp in Sources */,
			);
			runOnlyForDeploymentPostprocessing = 0;
		};
		23A49E081EAF8EB4003366FB /* Sources */ = {
			isa = PBXSourcesBuildPhase;
			buildActionMask = 2147483647;
			files = (
				23A49E201EAF8ECD003366FB /* main.cpp in Sources */,
			);
			runOnlyForDeploymentPostprocessing = 0;
		};
/* End PBXSourcesBuildPhase section */

/* Begin XCBuildConfiguration section */
		23A49DBC1EAF880F003366FB /* Debug */ = {
			isa = XCBuildConfiguration;
			buildSettings = {
				ALWAYS_SEARCH_USER_PATHS = NO;
				CLANG_ANALYZER_NONNULL = YES;
				CLANG_ANALYZER_NUMBER_OBJECT_CONVERSION = YES_AGGRESSIVE;
				CLANG_CXX_LANGUAGE_STANDARD = "gnu++0x";
				CLANG_CXX_LIBRARY = "libc++";
				CLANG_ENABLE_MODULES = YES;
				CLANG_ENABLE_OBJC_ARC = YES;
				CLANG_WARN_BOOL_CONVERSION = YES;
				CLANG_WARN_CONSTANT_CONVERSION = YES;
				CLANG_WARN_DIRECT_OBJC_ISA_USAGE = YES_ERROR;
				CLANG_WARN_DOCUMENTATION_COMMENTS = YES;
				CLANG_WARN_EMPTY_BODY = YES;
				CLANG_WARN_ENUM_CONVERSION = YES;
				CLANG_WARN_INFINITE_RECURSION = YES;
				CLANG_WARN_INT_CONVERSION = YES;
				CLANG_WARN_OBJC_ROOT_CLASS = YES_ERROR;
				CLANG_WARN_SUSPICIOUS_MOVE = YES;
				CLANG_WARN_UNREACHABLE_CODE = YES;
				CLANG_WARN__DUPLICATE_METHOD_MATCH = YES;
				CODE_SIGN_IDENTITY = "-";
				COPY_PHASE_STRIP = NO;
				DEBUG_INFORMATION_FORMAT = dwarf;
				ENABLE_STRICT_OBJC_MSGSEND = YES;
				ENABLE_TESTABILITY = YES;
				GCC_C_LANGUAGE_STANDARD = gnu99;
				GCC_DYNAMIC_NO_PIC = NO;
				GCC_NO_COMMON_BLOCKS = YES;
				GCC_OPTIMIZATION_LEVEL = 0;
				GCC_PREPROCESSOR_DEFINITIONS = (
					"DEBUG=1",
					"$(inherited)",
				);
				GCC_WARN_64_TO_32_BIT_CONVERSION = YES;
				GCC_WARN_ABOUT_RETURN_TYPE = YES_ERROR;
				GCC_WARN_UNDECLARED_SELECTOR = YES;
				GCC_WARN_UNINITIALIZED_AUTOS = YES_AGGRESSIVE;
				GCC_WARN_UNUSED_FUNCTION = YES;
				GCC_WARN_UNUSED_VARIABLE = YES;
				MACOSX_DEPLOYMENT_TARGET = 10.12;
				MTL_ENABLE_DEBUG_INFO = YES;
				ONLY_ACTIVE_ARCH = YES;
				SDKROOT = macosx;
			};
			name = Debug;
		};
		23A49DBD1EAF880F003366FB /* Release */ = {
			isa = XCBuildConfiguration;
			buildSettings = {
				ALWAYS_SEARCH_USER_PATHS = NO;
				CLANG_ANALYZER_NONNULL = YES;
				CLANG_ANALYZER_NUMBER_OBJECT_CONVERSION = YES_AGGRESSIVE;
				CLANG_CXX_LANGUAGE_STANDARD = "gnu++0x";
				CLANG_CXX_LIBRARY = "libc++";
				CLANG_ENABLE_MODULES = YES;
				CLANG_ENABLE_OBJC_ARC = YES;
				CLANG_WARN_BOOL_CONVERSION = YES;
				CLANG_WARN_CONSTANT_CONVERSION = YES;
				CLANG_WARN_DIRECT_OBJC_ISA_USAGE = YES_ERROR;
				CLANG_WARN_DOCUMENTATION_COMMENTS = YES;
				CLANG_WARN_EMPTY_BODY = YES;
				CLANG_WARN_ENUM_CONVERSION = YES;
				CLANG_WARN_INFINITE_RECURSION = YES;
				CLANG_WARN_INT_CONVERSION = YES;
				CLANG_WARN_OBJC_ROOT_CLASS = YES_ERROR;
				CLANG_WARN_SUSPICIOUS_MOVE = YES;
				CLANG_WARN_UNREACHABLE_CODE = YES;
				CLANG_WARN__DUPLICATE_METHOD_MATCH = YES;
				CODE_SIGN_IDENTITY = "-";
				COPY_PHASE_STRIP = NO;
				DEBUG_INFORMATION_FORMAT = "dwarf-with-dsym";
				ENABLE_NS_ASSERTIONS = NO;
				ENABLE_STRICT_OBJC_MSGSEND = YES;
				GCC_C_LANGUAGE_STANDARD = gnu99;
				GCC_NO_COMMON_BLOCKS = YES;
				GCC_WARN_64_TO_32_BIT_CONVERSION = YES;
				GCC_WARN_ABOUT_RETURN_TYPE = YES_ERROR;
				GCC_WARN_UNDECLARED_SELECTOR = YES;
				GCC_WARN_UNINITIALIZED_AUTOS = YES_AGGRESSIVE;
				GCC_WARN_UNUSED_FUNCTION = YES;
				GCC_WARN_UNUSED_VARIABLE = YES;
				MACOSX_DEPLOYMENT_TARGET = 10.12;
				MTL_ENABLE_DEBUG_INFO = NO;
				SDKROOT = macosx;
			};
			name = Release;
		};
		23A49DBF1EAF880F003366FB /* Debug */ = {
			isa = XCBuildConfiguration;
			buildSettings = {
				DEVELOPMENT_TEAM = QLZX6CW3EE;
				PRODUCT_NAME = "$(TARGET_NAME)";
			};
			name = Debug;
		};
		23A49DC01EAF880F003366FB /* Release */ = {
			isa = XCBuildConfiguration;
			buildSettings = {
				DEVELOPMENT_TEAM = QLZX6CW3EE;
				PRODUCT_NAME = "$(TARGET_NAME)";
			};
			name = Release;
		};
		23A49E1E1EAF8EB4003366FB /* Debug */ = {
			isa = XCBuildConfiguration;
			buildSettings = {
				ASSETCATALOG_COMPILER_APPICON_NAME = AppIcon;
				COMBINE_HIDPI_IMAGES = YES;
				DEVELOPMENT_TEAM = QLZX6CW3EE;
				INFOPLIST_FILE = "";
				LD_RUNPATH_SEARCH_PATHS = "$(inherited) @executable_path/../Frameworks";
				PRODUCT_BUNDLE_IDENTIFIER = com.cyj.SBS01Win;
				PRODUCT_NAME = "$(TARGET_NAME)";
			};
			name = Debug;
		};
		23A49E1F1EAF8EB4003366FB /* Release */ = {
			isa = XCBuildConfiguration;
			buildSettings = {
				ASSETCATALOG_COMPILER_APPICON_NAME = AppIcon;
				COMBINE_HIDPI_IMAGES = YES;
				DEVELOPMENT_TEAM = QLZX6CW3EE;
				INFOPLIST_FILE = "";
				LD_RUNPATH_SEARCH_PATHS = "$(inherited) @executable_path/../Frameworks";
				PRODUCT_BUNDLE_IDENTIFIER = com.cyj.SBS01Win;
				PRODUCT_NAME = "$(TARGET_NAME)";
			};
			name = Release;
		};
/* End XCBuildConfiguration section */

/* Begin XCConfigurationList section */
		23A49DB21EAF880F003366FB /* Build configuration list for PBXProject "SBS01" */ = {
			isa = XCConfigurationList;
			buildConfigurations = (
				23A49DBC1EAF880F003366FB /* Debug */,
				23A49DBD1EAF880F003366FB /* Release */,
			);
			defaultConfigurationIsVisible = 0;
			defaultConfigurationName = Release;
		};
		23A49DBE1EAF880F003366FB /* Build configuration list for PBXNativeTarget "SBS01" */ = {
			isa = XCConfigurationList;
			buildConfigurations = (
				23A49DBF1EAF880F003366FB /* Debug */,
				23A49DC01EAF880F003366FB /* Release */,
			);
			defaultConfigurationIsVisible = 0;
			defaultConfigurationName = Release;
		};
		23A49E1D1EAF8EB4003366FB /* Build configuration list for PBXNativeTarget "SBS01Win" */ = {
			isa = XCConfigurationList;
			buildConfigurations = (
				23A49E1E1EAF8EB4003366FB /* Debug */,
				23A49E1F1EAF8EB4003366FB /* Release */,
			);
			defaultConfigurationIsVisible = 0;
		};
/* End XCConfigurationList section */
	};
	rootObject = 23A49DAF1EAF880F003366FB /* Project object */;
}
