<?xml version="1.0" encoding="utf-8"?>
<Project ToolsVersion="4.0" xmlns="http://schemas.microsoft.com/developer/msbuild/2003">
  <ItemGroup>
    <Filter Include="Source Files">
      <UniqueIdentifier>{4FC737F1-C7A5-4376-A066-2A32D752A2FF}</UniqueIdentifier>
      <Extensions>cpp;c;cc;cxx;def;odl;idl;hpj;bat;asm;asmx</Extensions>
    </Filter>
    <Filter Include="Header Files">
      <UniqueIdentifier>{93995380-89BD-4b04-88EB-625FBE52EBFB}</UniqueIdentifier>
      <Extensions>h;hh;hpp;hxx;hm;inl;inc;xsd</Extensions>
    </Filter>
    <Filter Include="Resource Files">
      <UniqueIdentifier>{67DA6AB6-F800-4c08-8B7A-83BB121AAD01}</UniqueIdentifier>
      <Extensions>rc;ico;cur;bmp;dlg;rc2;rct;bin;rgs;gif;jpg;jpeg;jpe;resx;tiff;tif;png;wav;mfcribbon-ms</Extensions>
    </Filter>
    <Filter Include="tdogl">
      <UniqueIdentifier>{d2384d47-a644-4cba-af59-cb351bee316b}</UniqueIdentifier>
    </Filter>
    <Filter Include="shader">
      <UniqueIdentifier>{d45838e1-7a65-4fe7-8780-e92b720d3b62}</UniqueIdentifier>
    </Filter>
    <Filter Include="Common">
      <UniqueIdentifier>{7747c431-9669-4098-89be-376b24904c3c}</UniqueIdentifier>
    </Filter>
  </ItemGroup>
  <ItemGroup>
    <ClInclude Include="gbuffer.h">
      <Filter>Header Files</Filter>
    </ClInclude>
    <ClInclude Include="glew.h">
      <Filter>Header Files</Filter>
    </ClInclude>
    <ClInclude Include="glfw3.h">
      <Filter>Header Files</Filter>
    </ClInclude>
    <ClInclude Include="mesh.h">
      <Filter>Header Files</Filter>
    </ClInclude>
    <ClInclude Include="stb_image.h">
      <Filter>Header Files</Filter>
    </ClInclude>
    <ClInclude Include="tdogl\Bitmap.h">
      <Filter>tdogl</Filter>
    </ClInclude>
    <ClInclude Include="tdogl\Camera.h">
      <Filter>tdogl</Filter>
    </ClInclude>
    <ClInclude Include="tdogl\Program.h">
      <Filter>tdogl</Filter>
    </ClInclude>
    <ClInclude Include="tdogl\Shader.h">
      <Filter>tdogl</Filter>
    </ClInclude>
    <ClInclude Include="tdogl\Texture.h">
      <Filter>tdogl</Filter>
    </ClInclude>
  </ItemGroup>
  <ItemGroup>
    <ClCompile Include="gbuffer.cpp">
      <Filter>Source Files</Filter>
    </ClCompile>
    <ClCompile Include="mesh.cpp">
      <Filter>Source Files</Filter>
    </ClCompile>
    <ClCompile Include="OGLSBS36a.cpp">
      <Filter>Source Files</Filter>
    </ClCompile>
    <ClCompile Include="tdogl\Bitmap.cpp">
      <Filter>tdogl</Filter>
    </ClCompile>
    <ClCompile Include="tdogl\Camera.cpp">
      <Filter>tdogl</Filter>
    </ClCompile>
    <ClCompile Include="tdogl\Program.cpp">
      <Filter>tdogl</Filter>
    </ClCompile>
    <ClCompile Include="tdogl\Shader.cpp">
      <Filter>tdogl</Filter>
    </ClCompile>
    <ClCompile Include="tdogl\Texture.cpp">
      <Filter>tdogl</Filter>
    </ClCompile>
    <ClCompile Include="..\..\..\Common\math_3d.cpp">
      <Filter>Common</Filter>
    </ClCompile>
    <ClCompile Include="..\..\..\Common\ogldev_texture.cpp">
      <Filter>Common</Filter>
    </ClCompile>
  </ItemGroup>
  <ItemGroup>
    <None Include="shader\geometry_pass.vs">
      <Filter>shader</Filter>
    </None>
    <None Include="shader\geometry_pass.fs">
      <Filter>shader</Filter>
    </None>
    <None Include="shader\dir_light_pass.fs">
      <Filter>shader</Filter>
    </None>
    <None Include="shader\light_pass.vs">
      <Filter>shader</Filter>
    </None>
    <None Include="shader\point_light_pass.fs">
      <Filter>shader</Filter>
    </None>
  </ItemGroup>
</Project>