// !$*UTF8*$!
{
	archiveVersion = 1;
	classes = {
	};
	objectVersion = 46;
	objects = {

/* Begin PBXBuildFile section */
		236447451EB59AE800205A29 /* glew.c in Sources */ = {isa = PBXBuildFile; fileRef = 236447421EB59AE800205A29 /* glew.c */; };
		236447461EB59AE800205A29 /* SBS03.cpp in Sources */ = {isa = PBXBuildFile; fileRef = 236447441EB59AE800205A29 /* SBS03.cpp */; };
		2364474B1EB59B7B00205A29 /* OpenGL.framework in Frameworks */ = {isa = PBXBuildFile; fileRef = 2364474A1EB59B7B00205A29 /* OpenGL.framework */; };
		23DADF641EB5A903000F1519 /* filePath.mm in Sources */ = {isa = PBXBuildFile; fileRef = 23DADF631EB5A903000F1519 /* filePath.mm */; };
		23DADF671EB5A9EB000F1519 /* fragment-shader.txt in Resources */ = {isa = PBXBuildFile; fileRef = 23DADF651EB5A9EA000F1519 /* fragment-shader.txt */; };
		23DADF681EB5A9EB000F1519 /* vertex-shader.txt in Resources */ = {isa = PBXBuildFile; fileRef = 23DADF661EB5A9EA000F1519 /* vertex-shader.txt */; };
		23DADF6B1EB5ADE0000F1519 /* libglfw3.a in Frameworks */ = {isa = PBXBuildFile; fileRef = 23DADF6A1EB5ADE0000F1519 /* libglfw3.a */; };
		23DADF6D1EB5AE48000F1519 /* CoreVideo.framework in Frameworks */ = {isa = PBXBuildFile; fileRef = 23DADF6C1EB5AE48000F1519 /* CoreVideo.framework */; };
		23DADF6F1EB5AE53000F1519 /* IOKit.framework in Frameworks */ = {isa = PBXBuildFile; fileRef = 23DADF6E1EB5AE53000F1519 /* IOKit.framework */; };
		23DADF711EB5AE5D000F1519 /* Cocoa.framework in Frameworks */ = {isa = PBXBuildFile; fileRef = 23DADF701EB5AE5D000F1519 /* Cocoa.framework */; };
/* End PBXBuildFile section */

/* Begin PBXFileReference section */
		2364472B1EB59A4F00205A29 /* SBS03.app */ = {isa = PBXFileReference; explicitFileType = wrapper.application; includeInIndex = 0; path = SBS03.app; sourceTree = BUILT_PRODUCTS_DIR; };
		236447421EB59AE800205A29 /* glew.c */ = {isa = PBXFileReference; fileEncoding = 4; lastKnownFileType = sourcecode.c.c; path = glew.c; sourceTree = "<group>"; };
		236447431EB59AE800205A29 /* glew.h */ = {isa = PBXFileReference; fileEncoding = 4; lastKnownFileType = sourcecode.c.h; path = glew.h; sourceTree = "<group>"; };
		236447441EB59AE800205A29 /* SBS03.cpp */ = {isa = PBXFileReference; fileEncoding = 4; lastKnownFileType = sourcecode.cpp.cpp; path = SBS03.cpp; sourceTree = "<group>"; };
		236447481EB59B7400205A29 /* GLUT.framework */ = {isa = PBXFileReference; lastKnownFileType = wrapper.framework; name = GLUT.framework; path = System/Library/Frameworks/GLUT.framework; sourceTree = SDKROOT; };
		2364474A1EB59B7B00205A29 /* OpenGL.framework */ = {isa = PBXFileReference; lastKnownFileType = wrapper.framework; name = OpenGL.framework; path = System/Library/Frameworks/OpenGL.framework; sourceTree = SDKROOT; };
		23DADF621EB5A903000F1519 /* filePath.h */ = {isa = PBXFileReference; fileEncoding = 4; lastKnownFileType = sourcecode.c.h; path = filePath.h; sourceTree = "<group>"; };
		23DADF631EB5A903000F1519 /* filePath.mm */ = {isa = PBXFileReference; fileEncoding = 4; lastKnownFileType = sourcecode.cpp.objcpp; path = filePath.mm; sourceTree = "<group>"; };
		23DADF651EB5A9EA000F1519 /* fragment-shader.txt */ = {isa = PBXFileReference; fileEncoding = 4; lastKnownFileType = text; path = "fragment-shader.txt"; sourceTree = "<group>"; };
		23DADF661EB5A9EA000F1519 /* vertex-shader.txt */ = {isa = PBXFileReference; fileEncoding = 4; lastKnownFileType = text; path = "vertex-shader.txt"; sourceTree = "<group>"; };
		23DADF691EB5ADE0000F1519 /* glfw3.h */ = {isa = PBXFileReference; fileEncoding = 4; lastKnownFileType = sourcecode.c.h; path = glfw3.h; sourceTree = "<group>"; };
		23DADF6A1EB5ADE0000F1519 /* libglfw3.a */ = {isa = PBXFileReference; lastKnownFileType = archive.ar; path = libglfw3.a; sourceTree = "<group>"; };
		23DADF6C1EB5AE48000F1519 /* CoreVideo.framework */ = {isa = PBXFileReference; lastKnownFileType = wrapper.framework; name = CoreVideo.framework; path = System/Library/Frameworks/CoreVideo.framework; sourceTree = SDKROOT; };
		23DADF6E1EB5AE53000F1519 /* IOKit.framework */ = {isa = PBXFileReference; lastKnownFileType = wrapper.framework; name = IOKit.framework; path = System/Library/Frameworks/IOKit.framework; sourceTree = SDKROOT; };
		23DADF701EB5AE5D000F1519 /* Cocoa.framework */ = {isa = PBXFileReference; lastKnownFileType = wrapper.framework; name = Cocoa.framework; path = System/Library/Frameworks/Cocoa.framework; sourceTree = SDKROOT; };
/* End PBXFileReference section */

/* Begin PBXFrameworksBuildPhase section */
		236447281EB59A4E00205A29 /* Frameworks */ = {
			isa = PBXFrameworksBuildPhase;
			buildActionMask = 2147483647;
			files = (
				23DADF711EB5AE5D000F1519 /* Cocoa.framework in Frameworks */,
				23DADF6F1EB5AE53000F1519 /* IOKit.framework in Frameworks */,
				23DADF6D1EB5AE48000F1519 /* CoreVideo.framework in Frameworks */,
				2364474B1EB59B7B00205A29 /* OpenGL.framework in Frameworks */,
				23DADF6B1EB5ADE0000F1519 /* libglfw3.a in Frameworks */,
			);
			runOnlyForDeploymentPostprocessing = 0;
		};
/* End PBXFrameworksBuildPhase section */

/* Begin PBXGroup section */
		236447221EB59A4E00205A29 = {
			isa = PBXGroup;
			children = (
				2364472D1EB59A4F00205A29 /* SBS03 */,
				2364472C1EB59A4F00205A29 /* Products */,
				236447471EB59B7400205A29 /* Frameworks */,
			);
			sourceTree = "<group>";
		};
		2364472C1EB59A4F00205A29 /* Products */ = {
			isa = PBXGroup;
			children = (
				2364472B1EB59A4F00205A29 /* SBS03.app */,
			);
			name = Products;
			sourceTree = "<group>";
		};
		2364472D1EB59A4F00205A29 /* SBS03 */ = {
			isa = PBXGroup;
			children = (
				23DADF691EB5ADE0000F1519 /* glfw3.h */,
				23DADF6A1EB5ADE0000F1519 /* libglfw3.a */,
				23DADF651EB5A9EA000F1519 /* fragment-shader.txt */,
				23DADF661EB5A9EA000F1519 /* vertex-shader.txt */,
				23DADF621EB5A903000F1519 /* filePath.h */,
				23DADF631EB5A903000F1519 /* filePath.mm */,
				236447421EB59AE800205A29 /* glew.c */,
				236447431EB59AE800205A29 /* glew.h */,
				236447441EB59AE800205A29 /* SBS03.cpp */,
			);
			path = SBS03;
			sourceTree = "<group>";
		};
		236447471EB59B7400205A29 /* Frameworks */ = {
			isa = PBXGroup;
			children = (
				23DADF701EB5AE5D000F1519 /* Cocoa.framework */,
				23DADF6E1EB5AE53000F1519 /* IOKit.framework */,
				23DADF6C1EB5AE48000F1519 /* CoreVideo.framework */,
				2364474A1EB59B7B00205A29 /* OpenGL.framework */,
				236447481EB59B7400205A29 /* GLUT.framework */,
			);
			name = Frameworks;
			sourceTree = "<group>";
		};
/* End PBXGroup section */

/* Begin PBXNativeTarget section */
		2364472A1EB59A4E00205A29 /* SBS03 */ = {
			isa = PBXNativeTarget;
			buildConfigurationList = 2364473F1EB59A4F00205A29 /* Build configuration list for PBXNativeTarget "SBS03" */;
			buildPhases = (
				236447271EB59A4E00205A29 /* Sources */,
				236447281EB59A4E00205A29 /* Frameworks */,
				236447291EB59A4E00205A29 /* Resources */,
			);
			buildRules = (
			);
			dependencies = (
			);
			name = SBS03;
			productName = SBS03;
			productReference = 2364472B1EB59A4F00205A29 /* SBS03.app */;
			productType = "com.apple.product-type.application";
		};
/* End PBXNativeTarget section */

/* Begin PBXProject section */
		236447231EB59A4E00205A29 /* Project object */ = {
			isa = PBXProject;
			attributes = {
				LastUpgradeCheck = 0830;
				ORGANIZATIONNAME = cyj;
				TargetAttributes = {
					2364472A1EB59A4E00205A29 = {
						CreatedOnToolsVersion = 8.3.2;
						DevelopmentTeam = QLZX6CW3EE;
						ProvisioningStyle = Automatic;
					};
				};
			};
			buildConfigurationList = 236447261EB59A4E00205A29 /* Build configuration list for PBXProject "SBS03" */;
			compatibilityVersion = "Xcode 3.2";
			developmentRegion = English;
			hasScannedForEncodings = 0;
			knownRegions = (
				en,
				Base,
			);
			mainGroup = 236447221EB59A4E00205A29;
			productRefGroup = 2364472C1EB59A4F00205A29 /* Products */;
			projectDirPath = "";
			projectRoot = "";
			targets = (
				2364472A1EB59A4E00205A29 /* SBS03 */,
			);
		};
/* End PBXProject section */

/* Begin PBXResourcesBuildPhase section */
		236447291EB59A4E00205A29 /* Resources */ = {
			isa = PBXResourcesBuildPhase;
			buildActionMask = 2147483647;
			files = (
				23DADF671EB5A9EB000F1519 /* fragment-shader.txt in Resources */,
				23DADF681EB5A9EB000F1519 /* vertex-shader.txt in Resources */,
			);
			runOnlyForDeploymentPostprocessing = 0;
		};
/* End PBXResourcesBuildPhase section */

/* Begin PBXSourcesBuildPhase section */
		236447271EB59A4E00205A29 /* Sources */ = {
			isa = PBXSourcesBuildPhase;
			buildActionMask = 2147483647;
			files = (
				23DADF641EB5A903000F1519 /* filePath.mm in Sources */,
				236447451EB59AE800205A29 /* glew.c in Sources */,
				236447461EB59AE800205A29 /* SBS03.cpp in Sources */,
			);
			runOnlyForDeploymentPostprocessing = 0;
		};
/* End PBXSourcesBuildPhase section */

/* Begin XCBuildConfiguration section */
		2364473D1EB59A4F00205A29 /* Debug */ = {
			isa = XCBuildConfiguration;
			buildSettings = {
				ALWAYS_SEARCH_USER_PATHS = NO;
				CLANG_ANALYZER_NONNULL = YES;
				CLANG_ANALYZER_NUMBER_OBJECT_CONVERSION = YES_AGGRESSIVE;
				CLANG_CXX_LANGUAGE_STANDARD = "gnu++0x";
				CLANG_CXX_LIBRARY = "libc++";
				CLANG_ENABLE_MODULES = YES;
				CLANG_ENABLE_OBJC_ARC = YES;
				CLANG_WARN_BOOL_CONVERSION = YES;
				CLANG_WARN_CONSTANT_CONVERSION = YES;
				CLANG_WARN_DIRECT_OBJC_ISA_USAGE = YES_ERROR;
				CLANG_WARN_DOCUMENTATION_COMMENTS = YES;
				CLANG_WARN_EMPTY_BODY = YES;
				CLANG_WARN_ENUM_CONVERSION = YES;
				CLANG_WARN_INFINITE_RECURSION = YES;
				CLANG_WARN_INT_CONVERSION = YES;
				CLANG_WARN_OBJC_ROOT_CLASS = YES_ERROR;
				CLANG_WARN_SUSPICIOUS_MOVE = YES;
				CLANG_WARN_UNREACHABLE_CODE = YES;
				CLANG_WARN__DUPLICATE_METHOD_MATCH = YES;
				CODE_SIGN_IDENTITY = "-";
				COPY_PHASE_STRIP = NO;
				DEBUG_INFORMATION_FORMAT = dwarf;
				ENABLE_STRICT_OBJC_MSGSEND = YES;
				ENABLE_TESTABILITY = YES;
				GCC_C_LANGUAGE_STANDARD = gnu99;
				GCC_DYNAMIC_NO_PIC = NO;
				GCC_NO_COMMON_BLOCKS = YES;
				GCC_OPTIMIZATION_LEVEL = 0;
				GCC_PREPROCESSOR_DEFINITIONS = (
					"DEBUG=1",
					"$(inherited)",
				);
				GCC_WARN_64_TO_32_BIT_CONVERSION = YES;
				GCC_WARN_ABOUT_RETURN_TYPE = YES_ERROR;
				GCC_WARN_UNDECLARED_SELECTOR = YES;
				GCC_WARN_UNINITIALIZED_AUTOS = YES_AGGRESSIVE;
				GCC_WARN_UNUSED_FUNCTION = YES;
				GCC_WARN_UNUSED_VARIABLE = YES;
				MACOSX_DEPLOYMENT_TARGET = 10.12;
				MTL_ENABLE_DEBUG_INFO = YES;
				ONLY_ACTIVE_ARCH = YES;
				SDKROOT = macosx;
			};
			name = Debug;
		};
		2364473E1EB59A4F00205A29 /* Release */ = {
			isa = XCBuildConfiguration;
			buildSettings = {
				ALWAYS_SEARCH_USER_PATHS = NO;
				CLANG_ANALYZER_NONNULL = YES;
				CLANG_ANALYZER_NUMBER_OBJECT_CONVERSION = YES_AGGRESSIVE;
				CLANG_CXX_LANGUAGE_STANDARD = "gnu++0x";
				CLANG_CXX_LIBRARY = "libc++";
				CLANG_ENABLE_MODULES = YES;
				CLANG_ENABLE_OBJC_ARC = YES;
				CLANG_WARN_BOOL_CONVERSION = YES;
				CLANG_WARN_CONSTANT_CONVERSION = YES;
				CLANG_WARN_DIRECT_OBJC_ISA_USAGE = YES_ERROR;
				CLANG_WARN_DOCUMENTATION_COMMENTS = YES;
				CLANG_WARN_EMPTY_BODY = YES;
				CLANG_WARN_ENUM_CONVERSION = YES;
				CLANG_WARN_INFINITE_RECURSION = YES;
				CLANG_WARN_INT_CONVERSION = YES;
				CLANG_WARN_OBJC_ROOT_CLASS = YES_ERROR;
				CLANG_WARN_SUSPICIOUS_MOVE = YES;
				CLANG_WARN_UNREACHABLE_CODE = YES;
				CLANG_WARN__DUPLICATE_METHOD_MATCH = YES;
				CODE_SIGN_IDENTITY = "-";
				COPY_PHASE_STRIP = NO;
				DEBUG_INFORMATION_FORMAT = "dwarf-with-dsym";
				ENABLE_NS_ASSERTIONS = NO;
				ENABLE_STRICT_OBJC_MSGSEND = YES;
				GCC_C_LANGUAGE_STANDARD = gnu99;
				GCC_NO_COMMON_BLOCKS = YES;
				GCC_WARN_64_TO_32_BIT_CONVERSION = YES;
				GCC_WARN_ABOUT_RETURN_TYPE = YES_ERROR;
				GCC_WARN_UNDECLARED_SELECTOR = YES;
				GCC_WARN_UNINITIALIZED_AUTOS = YES_AGGRESSIVE;
				GCC_WARN_UNUSED_FUNCTION = YES;
				GCC_WARN_UNUSED_VARIABLE = YES;
				MACOSX_DEPLOYMENT_TARGET = 10.12;
				MTL_ENABLE_DEBUG_INFO = NO;
				SDKROOT = macosx;
			};
			name = Release;
		};
		236447401EB59A4F00205A29 /* Debug */ = {
			isa = XCBuildConfiguration;
			buildSettings = {
				ASSETCATALOG_COMPILER_APPICON_NAME = AppIcon;
				CLANG_ENABLE_MODULES = NO;
				COMBINE_HIDPI_IMAGES = YES;
				DEVELOPMENT_TEAM = QLZX6CW3EE;
				HEADER_SEARCH_PATHS = "${SRCROOT}/../../Include";
				INFOPLIST_FILE = "";
				LD_RUNPATH_SEARCH_PATHS = "$(inherited) @executable_path/../Frameworks";
				LIBRARY_SEARCH_PATHS = (
					"$(inherited)",
					"$(PROJECT_DIR)/SBS03",
				);
				PRODUCT_BUNDLE_IDENTIFIER = com.cyj.SBS03;
				PRODUCT_NAME = "$(TARGET_NAME)";
				SYSTEM_HEADER_SEARCH_PATHS = "${SRCROOT}/../../Include/assimp";
			};
			name = Debug;
		};
		236447411EB59A4F00205A29 /* Release */ = {
			isa = XCBuildConfiguration;
			buildSettings = {
				ASSETCATALOG_COMPILER_APPICON_NAME = AppIcon;
				CLANG_ENABLE_MODULES = NO;
				COMBINE_HIDPI_IMAGES = YES;
				DEVELOPMENT_TEAM = QLZX6CW3EE;
				HEADER_SEARCH_PATHS = "${SRCROOT}/../../Include";
				INFOPLIST_FILE = "";
				LD_RUNPATH_SEARCH_PATHS = "$(inherited) @executable_path/../Frameworks";
				LIBRARY_SEARCH_PATHS = (
					"$(inherited)",
					"$(PROJECT_DIR)/SBS03",
				);
				PRODUCT_BUNDLE_IDENTIFIER = com.cyj.SBS03;
				PRODUCT_NAME = "$(TARGET_NAME)";
				SYSTEM_HEADER_SEARCH_PATHS = "${SRCROOT}/../../Include/assimp";
			};
			name = Release;
		};
/* End XCBuildConfiguration section */

/* Begin XCConfigurationList section */
		236447261EB59A4E00205A29 /* Build configuration list for PBXProject "SBS03" */ = {
			isa = XCConfigurationList;
			buildConfigurations = (
				2364473D1EB59A4F00205A29 /* Debug */,
				2364473E1EB59A4F00205A29 /* Release */,
			);
			defaultConfigurationIsVisible = 0;
			defaultConfigurationName = Release;
		};
		2364473F1EB59A4F00205A29 /* Build configuration list for PBXNativeTarget "SBS03" */ = {
			isa = XCConfigurationList;
			buildConfigurations = (
				236447401EB59A4F00205A29 /* Debug */,
				236447411EB59A4F00205A29 /* Release */,
			);
			defaultConfigurationIsVisible = 0;
			defaultConfigurationName = Release;
		};
/* End XCConfigurationList section */
	};
	rootObject = 236447231EB59A4E00205A29 /* Project object */;
}
