
Microsoft Visual Studio Solution File, Format Version 12.00
# Visual Studio 14
VisualStudioVersion = 14.0.25420.1
MinimumVisualStudioVersion = 10.0.40219.1
Project("{8BC9CEB8-8B4A-11D0-8D11-00A0C91BC942}") = "SBS38a", "SBS38a\SBS38a.vcxproj", "{619B31D5-F98A-41DA-8838-6478053B7EC8}"
EndProject
Global
	GlobalSection(SolutionConfigurationPlatforms) = preSolution
		Debug|x64 = Debug|x64
		Debug|x86 = Debug|x86
		Release|x64 = Release|x64
		Release|x86 = Release|x86
	EndGlobalSection
	GlobalSection(ProjectConfigurationPlatforms) = postSolution
		{619B31D5-F98A-41DA-8838-6478053B7EC8}.Debug|x64.ActiveCfg = Debug|x64
		{619B31D5-F98A-41DA-8838-6478053B7EC8}.Debug|x64.Build.0 = Debug|x64
		{619B31D5-F98A-41DA-8838-6478053B7EC8}.Debug|x86.ActiveCfg = Debug|Win32
		{619B31D5-F98A-41DA-8838-6478053B7EC8}.Debug|x86.Build.0 = Debug|Win32
		{619B31D5-F98A-41DA-8838-6478053B7EC8}.Release|x64.ActiveCfg = Release|x64
		{619B31D5-F98A-41DA-8838-6478053B7EC8}.Release|x64.Build.0 = Release|x64
		{619B31D5-F98A-41DA-8838-6478053B7EC8}.Release|x86.ActiveCfg = Release|Win32
		{619B31D5-F98A-41DA-8838-6478053B7EC8}.Release|x86.Build.0 = Release|Win32
	EndGlobalSection
	GlobalSection(SolutionProperties) = preSolution
		HideSolutionNode = FALSE
	EndGlobalSection
EndGlobal
